
Microsoft Visual Studio Solution File, Format Version 12.00
# Visual Studio 14
VisualStudioVersion = 14.0.23107.0
MinimumVisualStudioVersion = 10.0.40219.1
Project("{FAE04EC0-301F-11D3-BF4B-00C04F79EFBC}") = "MSBuildTracer", "MSBuildTracer\MSBuildTracer.csproj", "{256D5381-6647-4A19-A5A6-8A0B02452732}"
EndProject
Project("{2150E333-8FDC-42A3-9474-1A3956D46DE8}") = "Solution Items", "Solution Items", "{DA42005F-3522-4EA4-B857-FF5FCA0A53C0}"
	ProjectSection(SolutionItems) = preProject
		.gitignore = .gitignore
		README.md = README.md
	EndProjectSection
EndProject
Global
	GlobalSection(SolutionConfigurationPlatforms) = preSolution
		Debug|Any CPU = Debug|Any CPU
		Release|Any CPU = Release|Any CPU
	EndGlobalSection
	GlobalSection(ProjectConfigurationPlatforms) = postSolution
		{256D5381-6647-4A19-A5A6-8A0B02452732}.Debug|Any CPU.ActiveCfg = Debug|Any CPU
		{256D5381-6647-4A19-A5A6-8A0B02452732}.Debug|Any CPU.Build.0 = Debug|Any CPU
		{256D5381-6647-4A19-A5A6-8A0B02452732}.Release|Any CPU.ActiveCfg = Release|Any CPU
		{256D5381-6647-4A19-A5A6-8A0B02452732}.Release|Any CPU.Build.0 = Release|Any CPU
	EndGlobalSection
	GlobalSection(SolutionProperties) = preSolution
		HideSolutionNode = FALSE
	EndGlobalSection
EndGlobal
